// !$*UTF8*$!
{
	archiveVersion = 1;
	classes = {
	};
	objectVersion = 56;
	objects = {

/* Begin PBXBuildFile section */
		DCCB72EF2A0B9CF90063A911 /* CoreDataTutorialApp.swift in Sources */ = {isa = PBXBuildFile; fileRef = DCCB72EE2A0B9CF90063A911 /* CoreDataTutorialApp.swift */; };
		DCCB72F12A0B9CF90063A911 /* ContentView.swift in Sources */ = {isa = PBXBuildFile; fileRef = DCCB72F02A0B9CF90063A911 /* ContentView.swift */; };
		DCCB72F32A0B9CFA0063A911 /* Assets.xcassets in Resources */ = {isa = PBXBuildFile; fileRef = DCCB72F22A0B9CFA0063A911 /* Assets.xcassets */; };
		DCCB72F62A0B9CFA0063A911 /* Preview Assets.xcassets in Resources */ = {isa = PBXBuildFile; fileRef = DCCB72F52A0B9CFA0063A911 /* Preview Assets.xcassets */; };
		DCCB72F82A0B9CFA0063A911 /* Persistence.swift in Sources */ = {isa = PBXBuildFile; fileRef = DCCB72F72A0B9CFA0063A911 /* Persistence.swift */; };
		DCCB72FB2A0B9CFA0063A911 /* CoreDataTutorial.xcdatamodeld in Sources */ = {isa = PBXBuildFile; fileRef = DCCB72F92A0B9CFA0063A911 /* CoreDataTutorial.xcdatamodeld */; };
		DCCB73052A0B9CFA0063A911 /* CoreDataTutorialTests.swift in Sources */ = {isa = PBXBuildFile; fileRef = DCCB73042A0B9CFA0063A911 /* CoreDataTutorialTests.swift */; };
		DCCB730F2A0B9CFA0063A911 /* CoreDataTutorialUITests.swift in Sources */ = {isa = PBXBuildFile; fileRef = DCCB730E2A0B9CFA0063A911 /* CoreDataTutorialUITests.swift */; };
		DCCB73112A0B9CFA0063A911 /* CoreDataTutorialUITestsLaunchTests.swift in Sources */ = {isa = PBXBuildFile; fileRef = DCCB73102A0B9CFA0063A911 /* CoreDataTutorialUITestsLaunchTests.swift */; };
		DCCB731F2A0B9F760063A911 /* User+Extensions.swift in Sources */ = {isa = PBXBuildFile; fileRef = DCCB731E2A0B9F760063A911 /* User+Extensions.swift */; };
/* End PBXBuildFile section */

/* Begin PBXContainerItemProxy section */
		DCCB73012A0B9CFA0063A911 /* PBXContainerItemProxy */ = {
			isa = PBXContainerItemProxy;
			containerPortal = DCCB72E32A0B9CF90063A911 /* Project object */;
			proxyType = 1;
			remoteGlobalIDString = DCCB72EA2A0B9CF90063A911;
			remoteInfo = CoreDataTutorial;
		};
		DCCB730B2A0B9CFA0063A911 /* PBXContainerItemProxy */ = {
			isa = PBXContainerItemProxy;
			containerPortal = DCCB72E32A0B9CF90063A911 /* Project object */;
			proxyType = 1;
			remoteGlobalIDString = DCCB72EA2A0B9CF90063A911;
			remoteInfo = CoreDataTutorial;
		};
/* End PBXContainerItemProxy section */

/* Begin PBXFileReference section */
		DCCB72EB2A0B9CF90063A911 /* CoreDataTutorial.app */ = {isa = PBXFileReference; explicitFileType = wrapper.application; includeInIndex = 0; path = CoreDataTutorial.app; sourceTree = BUILT_PRODUCTS_DIR; };
		DCCB72EE2A0B9CF90063A911 /* CoreDataTutorialApp.swift */ = {isa = PBXFileReference; lastKnownFileType = sourcecode.swift; path = CoreDataTutorialApp.swift; sourceTree = "<group>"; };
		DCCB72F02A0B9CF90063A911 /* ContentView.swift */ = {isa = PBXFileReference; lastKnownFileType = sourcecode.swift; path = ContentView.swift; sourceTree = "<group>"; };
		DCCB72F22A0B9CFA0063A911 /* Assets.xcassets */ = {isa = PBXFileReference; lastKnownFileType = folder.assetcatalog; path = Assets.xcassets; sourceTree = "<group>"; };
		DCCB72F52A0B9CFA0063A911 /* Preview Assets.xcassets */ = {isa = PBXFileReference; lastKnownFileType = folder.assetcatalog; path = "Preview Assets.xcassets"; sourceTree = "<group>"; };
		DCCB72F72A0B9CFA0063A911 /* Persistence.swift */ = {isa = PBXFileReference; lastKnownFileType = sourcecode.swift; path = Persistence.swift; sourceTree = "<group>"; };
		DCCB72FA2A0B9CFA0063A911 /* CoreDataTutorial.xcdatamodel */ = {isa = PBXFileReference; lastKnownFileType = wrapper.xcdatamodel; path = CoreDataTutorial.xcdatamodel; sourceTree = "<group>"; };
		DCCB73002A0B9CFA0063A911 /* CoreDataTutorialTests.xctest */ = {isa = PBXFileReference; explicitFileType = wrapper.cfbundle; includeInIndex = 0; path = CoreDataTutorialTests.xctest; sourceTree = BUILT_PRODUCTS_DIR; };
		DCCB73042A0B9CFA0063A911 /* CoreDataTutorialTests.swift */ = {isa = PBXFileReference; lastKnownFileType = sourcecode.swift; path = CoreDataTutorialTests.swift; sourceTree = "<group>"; };
		DCCB730A2A0B9CFA0063A911 /* CoreDataTutorialUITests.xctest */ = {isa = PBXFileReference; explicitFileType = wrapper.cfbundle; includeInIndex = 0; path = CoreDataTutorialUITests.xctest; sourceTree = BUILT_PRODUCTS_DIR; };
		DCCB730E2A0B9CFA0063A911 /* CoreDataTutorialUITests.swift */ = {isa = PBXFileReference; lastKnownFileType = sourcecode.swift; path = CoreDataTutorialUITests.swift; sourceTree = "<group>"; };
		DCCB73102A0B9CFA0063A911 /* CoreDataTutorialUITestsLaunchTests.swift */ = {isa = PBXFileReference; lastKnownFileType = sourcecode.swift; path = CoreDataTutorialUITestsLaunchTests.swift; sourceTree = "<group>"; };
		DCCB731E2A0B9F760063A911 /* User+Extensions.swift */ = {isa = PBXFileReference; lastKnownFileType = sourcecode.swift; path = "User+Extensions.swift"; sourceTree = "<group>"; };
/* End PBXFileReference section */

/* Begin PBXFrameworksBuildPhase section */
		DCCB72E82A0B9CF90063A911 /* Frameworks */ = {
			isa = PBXFrameworksBuildPhase;
			buildActionMask = 2147483647;
			files = (
			);
			runOnlyForDeploymentPostprocessing = 0;
		};
		DCCB72FD2A0B9CFA0063A911 /* Frameworks */ = {
			isa = PBXFrameworksBuildPhase;
			buildActionMask = 2147483647;
			files = (
			);
			runOnlyForDeploymentPostprocessing = 0;
		};
		DCCB73072A0B9CFA0063A911 /* Frameworks */ = {
			isa = PBXFrameworksBuildPhase;
			buildActionMask = 2147483647;
			files = (
			);
			runOnlyForDeploymentPostprocessing = 0;
		};
/* End PBXFrameworksBuildPhase section */

/* Begin PBXGroup section */
		DCCB72E22A0B9CF90063A911 = {
			isa = PBXGroup;
			children = (
				DCCB72ED2A0B9CF90063A911 /* CoreDataTutorial */,
				DCCB73032A0B9CFA0063A911 /* CoreDataTutorialTests */,
				DCCB730D2A0B9CFA0063A911 /* CoreDataTutorialUITests */,
				DCCB72EC2A0B9CF90063A911 /* Products */,
			);
			sourceTree = "<group>";
		};
		DCCB72EC2A0B9CF90063A911 /* Products */ = {
			isa = PBXGroup;
			children = (
				DCCB72EB2A0B9CF90063A911 /* CoreDataTutorial.app */,
				DCCB73002A0B9CFA0063A911 /* CoreDataTutorialTests.xctest */,
				DCCB730A2A0B9CFA0063A911 /* CoreDataTutorialUITests.xctest */,
			);
			name = Products;
			sourceTree = "<group>";
		};
		DCCB72ED2A0B9CF90063A911 /* CoreDataTutorial */ = {
			isa = PBXGroup;
			children = (
				DCCB731D2A0B9F3C0063A911 /* Extensions */,
				DCCB72EE2A0B9CF90063A911 /* CoreDataTutorialApp.swift */,
				DCCB72F02A0B9CF90063A911 /* ContentView.swift */,
				DCCB72F22A0B9CFA0063A911 /* Assets.xcassets */,
				DCCB72F72A0B9CFA0063A911 /* Persistence.swift */,
				DCCB72F92A0B9CFA0063A911 /* CoreDataTutorial.xcdatamodeld */,
				DCCB72F42A0B9CFA0063A911 /* Preview Content */,
			);
			path = CoreDataTutorial;
			sourceTree = "<group>";
		};
		DCCB72F42A0B9CFA0063A911 /* Preview Content */ = {
			isa = PBXGroup;
			children = (
				DCCB72F52A0B9CFA0063A911 /* Preview Assets.xcassets */,
			);
			path = "Preview Content";
			sourceTree = "<group>";
		};
		DCCB73032A0B9CFA0063A911 /* CoreDataTutorialTests */ = {
			isa = PBXGroup;
			children = (
				DCCB73042A0B9CFA0063A911 /* CoreDataTutorialTests.swift */,
			);
			path = CoreDataTutorialTests;
			sourceTree = "<group>";
		};
		DCCB730D2A0B9CFA0063A911 /* CoreDataTutorialUITests */ = {
			isa = PBXGroup;
			children = (
				DCCB730E2A0B9CFA0063A911 /* CoreDataTutorialUITests.swift */,
				DCCB73102A0B9CFA0063A911 /* CoreDataTutorialUITestsLaunchTests.swift */,
			);
			path = CoreDataTutorialUITests;
			sourceTree = "<group>";
		};
		DCCB731D2A0B9F3C0063A911 /* Extensions */ = {
			isa = PBXGroup;
			children = (
				DCCB731E2A0B9F760063A911 /* User+Extensions.swift */,
			);
			path = Extensions;
			sourceTree = "<group>";
		};
/* End PBXGroup section */

/* Begin PBXNativeTarget section */
		DCCB72EA2A0B9CF90063A911 /* CoreDataTutorial */ = {
			isa = PBXNativeTarget;
			buildConfigurationList = DCCB73142A0B9CFA0063A911 /* Build configuration list for PBXNativeTarget "CoreDataTutorial" */;
			buildPhases = (
				DCCB72E72A0B9CF90063A911 /* Sources */,
				DCCB72E82A0B9CF90063A911 /* Frameworks */,
				DCCB72E92A0B9CF90063A911 /* Resources */,
			);
			buildRules = (
			);
			dependencies = (
			);
			name = CoreDataTutorial;
			productName = CoreDataTutorial;
			productReference = DCCB72EB2A0B9CF90063A911 /* CoreDataTutorial.app */;
			productType = "com.apple.product-type.application";
		};
		DCCB72FF2A0B9CFA0063A911 /* CoreDataTutorialTests */ = {
			isa = PBXNativeTarget;
			buildConfigurationList = DCCB73172A0B9CFA0063A911 /* Build configuration list for PBXNativeTarget "CoreDataTutorialTests" */;
			buildPhases = (
				DCCB72FC2A0B9CFA0063A911 /* Sources */,
				DCCB72FD2A0B9CFA0063A911 /* Frameworks */,
				DCCB72FE2A0B9CFA0063A911 /* Resources */,
			);
			buildRules = (
			);
			dependencies = (
				DCCB73022A0B9CFA0063A911 /* PBXTargetDependency */,
			);
			name = CoreDataTutorialTests;
			productName = CoreDataTutorialTests;
			productReference = DCCB73002A0B9CFA0063A911 /* CoreDataTutorialTests.xctest */;
			productType = "com.apple.product-type.bundle.unit-test";
		};
		DCCB73092A0B9CFA0063A911 /* CoreDataTutorialUITests */ = {
			isa = PBXNativeTarget;
			buildConfigurationList = DCCB731A2A0B9CFA0063A911 /* Build configuration list for PBXNativeTarget "CoreDataTutorialUITests" */;
			buildPhases = (
				DCCB73062A0B9CFA0063A911 /* Sources */,
				DCCB73072A0B9CFA0063A911 /* Frameworks */,
				DCCB73082A0B9CFA0063A911 /* Resources */,
			);
			buildRules = (
			);
			dependencies = (
				DCCB730C2A0B9CFA0063A911 /* PBXTargetDependency */,
			);
			name = CoreDataTutorialUITests;
			productName = CoreDataTutorialUITests;
			productReference = DCCB730A2A0B9CFA0063A911 /* CoreDataTutorialUITests.xctest */;
			productType = "com.apple.product-type.bundle.ui-testing";
		};
/* End PBXNativeTarget section */

/* Begin PBXProject section */
		DCCB72E32A0B9CF90063A911 /* Project object */ = {
			isa = PBXProject;
			attributes = {
				BuildIndependentTargetsInParallel = 1;
				LastSwiftUpdateCheck = 1430;
				LastUpgradeCheck = 1430;
				TargetAttributes = {
					DCCB72EA2A0B9CF90063A911 = {
						CreatedOnToolsVersion = 14.3;
					};
					DCCB72FF2A0B9CFA0063A911 = {
						CreatedOnToolsVersion = 14.3;
						TestTargetID = DCCB72EA2A0B9CF90063A911;
					};
					DCCB73092A0B9CFA0063A911 = {
						CreatedOnToolsVersion = 14.3;
						TestTargetID = DCCB72EA2A0B9CF90063A911;
					};
				};
			};
			buildConfigurationList = DCCB72E62A0B9CF90063A911 /* Build configuration list for PBXProject "CoreDataTutorial" */;
			compatibilityVersion = "Xcode 14.0";
			developmentRegion = en;
			hasScannedForEncodings = 0;
			knownRegions = (
				en,
				Base,
			);
			mainGroup = DCCB72E22A0B9CF90063A911;
			productRefGroup = DCCB72EC2A0B9CF90063A911 /* Products */;
			projectDirPath = "";
			projectRoot = "";
			targets = (
				DCCB72EA2A0B9CF90063A911 /* CoreDataTutorial */,
				DCCB72FF2A0B9CFA0063A911 /* CoreDataTutorialTests */,
				DCCB73092A0B9CFA0063A911 /* CoreDataTutorialUITests */,
			);
		};
/* End PBXProject section */

/* Begin PBXResourcesBuildPhase section */
		DCCB72E92A0B9CF90063A911 /* Resources */ = {
			isa = PBXResourcesBuildPhase;
			buildActionMask = 2147483647;
			files = (
				DCCB72F62A0B9CFA0063A911 /* Preview Assets.xcassets in Resources */,
				DCCB72F32A0B9CFA0063A911 /* Assets.xcassets in Resources */,
			);
			runOnlyForDeploymentPostprocessing = 0;
		};
		DCCB72FE2A0B9CFA0063A911 /* Resources */ = {
			isa = PBXResourcesBuildPhase;
			buildActionMask = 2147483647;
			files = (
			);
			runOnlyForDeploymentPostprocessing = 0;
		};
		DCCB73082A0B9CFA0063A911 /* Resources */ = {
			isa = PBXResourcesBuildPhase;
			buildActionMask = 2147483647;
			files = (
			);
			runOnlyForDeploymentPostprocessing = 0;
		};
/* End PBXResourcesBuildPhase section */

/* Begin PBXSourcesBuildPhase section */
		DCCB72E72A0B9CF90063A911 /* Sources */ = {
			isa = PBXSourcesBuildPhase;
			buildActionMask = 2147483647;
			files = (
				DCCB72FB2A0B9CFA0063A911 /* CoreDataTutorial.xcdatamodeld in Sources */,
				DCCB72F82A0B9CFA0063A911 /* Persistence.swift in Sources */,
				DCCB72F12A0B9CF90063A911 /* ContentView.swift in Sources */,
				DCCB731F2A0B9F760063A911 /* User+Extensions.swift in Sources */,
				DCCB72EF2A0B9CF90063A911 /* CoreDataTutorialApp.swift in Sources */,
			);
			runOnlyForDeploymentPostprocessing = 0;
		};
		DCCB72FC2A0B9CFA0063A911 /* Sources */ = {
			isa = PBXSourcesBuildPhase;
			buildActionMask = 2147483647;
			files = (
				DCCB73052A0B9CFA0063A911 /* CoreDataTutorialTests.swift in Sources */,
			);
			runOnlyForDeploymentPostprocessing = 0;
		};
		DCCB73062A0B9CFA0063A911 /* Sources */ = {
			isa = PBXSourcesBuildPhase;
			buildActionMask = 2147483647;
			files = (
				DCCB730F2A0B9CFA0063A911 /* CoreDataTutorialUITests.swift in Sources */,
				DCCB73112A0B9CFA0063A911 /* CoreDataTutorialUITestsLaunchTests.swift in Sources */,
			);
			runOnlyForDeploymentPostprocessing = 0;
		};
/* End PBXSourcesBuildPhase section */

/* Begin PBXTargetDependency section */
		DCCB73022A0B9CFA0063A911 /* PBXTargetDependency */ = {
			isa = PBXTargetDependency;
			target = DCCB72EA2A0B9CF90063A911 /* CoreDataTutorial */;
			targetProxy = DCCB73012A0B9CFA0063A911 /* PBXContainerItemProxy */;
		};
		DCCB730C2A0B9CFA0063A911 /* PBXTargetDependency */ = {
			isa = PBXTargetDependency;
			target = DCCB72EA2A0B9CF90063A911 /* CoreDataTutorial */;
			targetProxy = DCCB730B2A0B9CFA0063A911 /* PBXContainerItemProxy */;
		};
/* End PBXTargetDependency section */

/* Begin XCBuildConfiguration section */
		DCCB73122A0B9CFA0063A911 /* Debug */ = {
			isa = XCBuildConfiguration;
			buildSettings = {
				ALWAYS_SEARCH_USER_PATHS = NO;
				CLANG_ANALYZER_NONNULL = YES;
				CLANG_ANALYZER_NUMBER_OBJECT_CONVERSION = YES_AGGRESSIVE;
				CLANG_CXX_LANGUAGE_STANDARD = "gnu++20";
				CLANG_ENABLE_MODULES = YES;
				CLANG_ENABLE_OBJC_ARC = YES;
				CLANG_ENABLE_OBJC_WEAK = YES;
				CLANG_WARN_BLOCK_CAPTURE_AUTORELEASING = YES;
				CLANG_WARN_BOOL_CONVERSION = YES;
				CLANG_WARN_COMMA = YES;
				CLANG_WARN_CONSTANT_CONVERSION = YES;
				CLANG_WARN_DEPRECATED_OBJC_IMPLEMENTATIONS = YES;
				CLANG_WARN_DIRECT_OBJC_ISA_USAGE = YES_ERROR;
				CLANG_WARN_DOCUMENTATION_COMMENTS = YES;
				CLANG_WARN_EMPTY_BODY = YES;
				CLANG_WARN_ENUM_CONVERSION = YES;
				CLANG_WARN_INFINITE_RECURSION = YES;
				CLANG_WARN_INT_CONVERSION = YES;
				CLANG_WARN_NON_LITERAL_NULL_CONVERSION = YES;
				CLANG_WARN_OBJC_IMPLICIT_RETAIN_SELF = YES;
				CLANG_WARN_OBJC_LITERAL_CONVERSION = YES;
				CLANG_WARN_OBJC_ROOT_CLASS = YES_ERROR;
				CLANG_WARN_QUOTED_INCLUDE_IN_FRAMEWORK_HEADER = YES;
				CLANG_WARN_RANGE_LOOP_ANALYSIS = YES;
				CLANG_WARN_STRICT_PROTOTYPES = YES;
				CLANG_WARN_SUSPICIOUS_MOVE = YES;
				CLANG_WARN_UNGUARDED_AVAILABILITY = YES_AGGRESSIVE;
				CLANG_WARN_UNREACHABLE_CODE = YES;
				CLANG_WARN__DUPLICATE_METHOD_MATCH = YES;
				COPY_PHASE_STRIP = NO;
				DEBUG_INFORMATION_FORMAT = dwarf;
				ENABLE_STRICT_OBJC_MSGSEND = YES;
				ENABLE_TESTABILITY = YES;
				GCC_C_LANGUAGE_STANDARD = gnu11;
				GCC_DYNAMIC_NO_PIC = NO;
				GCC_NO_COMMON_BLOCKS = YES;
				GCC_OPTIMIZATION_LEVEL = 0;
				GCC_PREPROCESSOR_DEFINITIONS = (
					"DEBUG=1",
					"$(inherited)",
				);
				GCC_WARN_64_TO_32_BIT_CONVERSION = YES;
				GCC_WARN_ABOUT_RETURN_TYPE = YES_ERROR;
				GCC_WARN_UNDECLARED_SELECTOR = YES;
				GCC_WARN_UNINITIALIZED_AUTOS = YES_AGGRESSIVE;
				GCC_WARN_UNUSED_FUNCTION = YES;
				GCC_WARN_UNUSED_VARIABLE = YES;
				IPHONEOS_DEPLOYMENT_TARGET = 16.4;
				MTL_ENABLE_DEBUG_INFO = INCLUDE_SOURCE;
				MTL_FAST_MATH = YES;
				ONLY_ACTIVE_ARCH = YES;
				SDKROOT = iphoneos;
				SWIFT_ACTIVE_COMPILATION_CONDITIONS = DEBUG;
				SWIFT_OPTIMIZATION_LEVEL = "-Onone";
			};
			name = Debug;
		};
		DCCB73132A0B9CFA0063A911 /* Release */ = {
			isa = XCBuildConfiguration;
			buildSettings = {
				ALWAYS_SEARCH_USER_PATHS = NO;
				CLANG_ANALYZER_NONNULL = YES;
				CLANG_ANALYZER_NUMBER_OBJECT_CONVERSION = YES_AGGRESSIVE;
				CLANG_CXX_LANGUAGE_STANDARD = "gnu++20";
				CLANG_ENABLE_MODULES = YES;
				CLANG_ENABLE_OBJC_ARC = YES;
				CLANG_ENABLE_OBJC_WEAK = YES;
				CLANG_WARN_BLOCK_CAPTURE_AUTORELEASING = YES;
				CLANG_WARN_BOOL_CONVERSION = YES;
				CLANG_WARN_COMMA = YES;
				CLANG_WARN_CONSTANT_CONVERSION = YES;
				CLANG_WARN_DEPRECATED_OBJC_IMPLEMENTATIONS = YES;
				CLANG_WARN_DIRECT_OBJC_ISA_USAGE = YES_ERROR;
				CLANG_WARN_DOCUMENTATION_COMMENTS = YES;
				CLANG_WARN_EMPTY_BODY = YES;
				CLANG_WARN_ENUM_CONVERSION = YES;
				CLANG_WARN_INFINITE_RECURSION = YES;
				CLANG_WARN_INT_CONVERSION = YES;
				CLANG_WARN_NON_LITERAL_NULL_CONVERSION = YES;
				CLANG_WARN_OBJC_IMPLICIT_RETAIN_SELF = YES;
				CLANG_WARN_OBJC_LITERAL_CONVERSION = YES;
				CLANG_WARN_OBJC_ROOT_CLASS = YES_ERROR;
				CLANG_WARN_QUOTED_INCLUDE_IN_FRAMEWORK_HEADER = YES;
				CLANG_WARN_RANGE_LOOP_ANALYSIS = YES;
				CLANG_WARN_STRICT_PROTOTYPES = YES;
				CLANG_WARN_SUSPICIOUS_MOVE = YES;
				CLANG_WARN_UNGUARDED_AVAILABILITY = YES_AGGRESSIVE;
				CLANG_WARN_UNREACHABLE_CODE = YES;
				CLANG_WARN__DUPLICATE_METHOD_MATCH = YES;
				COPY_PHASE_STRIP = NO;
				DEBUG_INFORMATION_FORMAT = "dwarf-with-dsym";
				ENABLE_NS_ASSERTIONS = NO;
				ENABLE_STRICT_OBJC_MSGSEND = YES;
				GCC_C_LANGUAGE_STANDARD = gnu11;
				GCC_NO_COMMON_BLOCKS = YES;
				GCC_WARN_64_TO_32_BIT_CONVERSION = YES;
				GCC_WARN_ABOUT_RETURN_TYPE = YES_ERROR;
				GCC_WARN_UNDECLARED_SELECTOR = YES;
				GCC_WARN_UNINITIALIZED_AUTOS = YES_AGGRESSIVE;
				GCC_WARN_UNUSED_FUNCTION = YES;
				GCC_WARN_UNUSED_VARIABLE = YES;
				IPHONEOS_DEPLOYMENT_TARGET = 16.4;
				MTL_ENABLE_DEBUG_INFO = NO;
				MTL_FAST_MATH = YES;
				SDKROOT = iphoneos;
				SWIFT_COMPILATION_MODE = wholemodule;
				SWIFT_OPTIMIZATION_LEVEL = "-O";
				VALIDATE_PRODUCT = YES;
			};
			name = Release;
		};
		DCCB73152A0B9CFA0063A911 /* Debug */ = {
			isa = XCBuildConfiguration;
			buildSettings = {
				ASSETCATALOG_COMPILER_APPICON_NAME = AppIcon;
				ASSETCATALOG_COMPILER_GLOBAL_ACCENT_COLOR_NAME = AccentColor;
				CODE_SIGN_STYLE = Automatic;
				CURRENT_PROJECT_VERSION = 1;
				DEVELOPMENT_ASSET_PATHS = "\"CoreDataTutorial/Preview Content\"";
				DEVELOPMENT_TEAM = H4J5G7D5JQ;
				ENABLE_PREVIEWS = YES;
				GENERATE_INFOPLIST_FILE = YES;
				INFOPLIST_KEY_UIApplicationSceneManifest_Generation = YES;
				INFOPLIST_KEY_UIApplicationSupportsIndirectInputEvents = YES;
				INFOPLIST_KEY_UILaunchScreen_Generation = YES;
				INFOPLIST_KEY_UISupportedInterfaceOrientations_iPad = "UIInterfaceOrientationPortrait UIInterfaceOrientationPortraitUpsideDown UIInterfaceOrientationLandscapeLeft UIInterfaceOrientationLandscapeRight";
				INFOPLIST_KEY_UISupportedInterfaceOrientations_iPhone = "UIInterfaceOrientationPortrait UIInterfaceOrientationLandscapeLeft UIInterfaceOrientationLandscapeRight";
				LD_RUNPATH_SEARCH_PATHS = (
					"$(inherited)",
					"@executable_path/Frameworks",
				);
				MARKETING_VERSION = 1.0;
				PRODUCT_BUNDLE_IDENTIFIER = com.miroslav.perovic.CoreDataTutorial;
				PRODUCT_NAME = "$(TARGET_NAME)";
				SWIFT_EMIT_LOC_STRINGS = YES;
				SWIFT_VERSION = 5.0;
				TARGETED_DEVICE_FAMILY = "1,2";
			};
			name = Debug;
		};
		DCCB73162A0B9CFA0063A911 /* Release */ = {
			isa = XCBuildConfiguration;
			buildSettings = {
				ASSETCATALOG_COMPILER_APPICON_NAME = AppIcon;
				ASSETCATALOG_COMPILER_GLOBAL_ACCENT_COLOR_NAME = AccentColor;
				CODE_SIGN_STYLE = Automatic;
				CURRENT_PROJECT_VERSION = 1;
				DEVELOPMENT_ASSET_PATHS = "\"CoreDataTutorial/Preview Content\"";
				DEVELOPMENT_TEAM = H4J5G7D5JQ;
				ENABLE_PREVIEWS = YES;
				GENERATE_INFOPLIST_FILE = YES;
				INFOPLIST_KEY_UIApplicationSceneManifest_Generation = YES;
				INFOPLIST_KEY_UIApplicationSupportsIndirectInputEvents = YES;
				INFOPLIST_KEY_UILaunchScreen_Generation = YES;
				INFOPLIST_KEY_UISupportedInterfaceOrientations_iPad = "UIInterfaceOrientationPortrait UIInterfaceOrientationPortraitUpsideDown UIInterfaceOrientationLandscapeLeft UIInterfaceOrientationLandscapeRight";
				INFOPLIST_KEY_UISupportedInterfaceOrientations_iPhone = "UIInterfaceOrientationPortrait UIInterfaceOrientationLandscapeLeft UIInterfaceOrientationLandscapeRight";
				LD_RUNPATH_SEARCH_PATHS = (
					"$(inherited)",
					"@executable_path/Frameworks",
				);
				MARKETING_VERSION = 1.0;
				PRODUCT_BUNDLE_IDENTIFIER = com.miroslav.perovic.CoreDataTutorial;
				PRODUCT_NAME = "$(TARGET_NAME)";
				SWIFT_EMIT_LOC_STRINGS = YES;
				SWIFT_VERSION = 5.0;
				TARGETED_DEVICE_FAMILY = "1,2";
			};
			name = Release;
		};
		DCCB73182A0B9CFA0063A911 /* Debug */ = {
			isa = XCBuildConfiguration;
			buildSettings = {
				ALWAYS_EMBED_SWIFT_STANDARD_LIBRARIES = YES;
				BUNDLE_LOADER = "$(TEST_HOST)";
				CODE_SIGN_STYLE = Automatic;
				CURRENT_PROJECT_VERSION = 1;
				DEVELOPMENT_TEAM = H4J5G7D5JQ;
				GENERATE_INFOPLIST_FILE = YES;
				IPHONEOS_DEPLOYMENT_TARGET = 16.4;
				MARKETING_VERSION = 1.0;
				PRODUCT_BUNDLE_IDENTIFIER = com.miroslav.perovic.CoreDataTutorialTests;
				PRODUCT_NAME = "$(TARGET_NAME)";
				SWIFT_EMIT_LOC_STRINGS = NO;
				SWIFT_VERSION = 5.0;
				TARGETED_DEVICE_FAMILY = "1,2";
				TEST_HOST = "$(BUILT_PRODUCTS_DIR)/CoreDataTutorial.app/$(BUNDLE_EXECUTABLE_FOLDER_PATH)/CoreDataTutorial";
			};
			name = Debug;
		};
		DCCB73192A0B9CFA0063A911 /* Release */ = {
			isa = XCBuildConfiguration;
			buildSettings = {
				ALWAYS_EMBED_SWIFT_STANDARD_LIBRARIES = YES;
				BUNDLE_LOADER = "$(TEST_HOST)";
				CODE_SIGN_STYLE = Automatic;
				CURRENT_PROJECT_VERSION = 1;
				DEVELOPMENT_TEAM = H4J5G7D5JQ;
				GENERATE_INFOPLIST_FILE = YES;
				IPHONEOS_DEPLOYMENT_TARGET = 16.4;
				MARKETING_VERSION = 1.0;
				PRODUCT_BUNDLE_IDENTIFIER = com.miroslav.perovic.CoreDataTutorialTests;
				PRODUCT_NAME = "$(TARGET_NAME)";
				SWIFT_EMIT_LOC_STRINGS = NO;
				SWIFT_VERSION = 5.0;
				TARGETED_DEVICE_FAMILY = "1,2";
				TEST_HOST = "$(BUILT_PRODUCTS_DIR)/CoreDataTutorial.app/$(BUNDLE_EXECUTABLE_FOLDER_PATH)/CoreDataTutorial";
			};
			name = Release;
		};
		DCCB731B2A0B9CFA0063A911 /* Debug */ = {
			isa = XCBuildConfiguration;
			buildSettings = {
				ALWAYS_EMBED_SWIFT_STANDARD_LIBRARIES = YES;
				CODE_SIGN_STYLE = Automatic;
				CURRENT_PROJECT_VERSION = 1;
				DEVELOPMENT_TEAM = H4J5G7D5JQ;
				GENERATE_INFOPLIST_FILE = YES;
				MARKETING_VERSION = 1.0;
				PRODUCT_BUNDLE_IDENTIFIER = com.miroslav.perovic.CoreDataTutorialUITests;
				PRODUCT_NAME = "$(TARGET_NAME)";
				SWIFT_EMIT_LOC_STRINGS = NO;
				SWIFT_VERSION = 5.0;
				TARGETED_DEVICE_FAMILY = "1,2";
				TEST_TARGET_NAME = CoreDataTutorial;
			};
			name = Debug;
		};
		DCCB731C2A0B9CFA0063A911 /* Release */ = {
			isa = XCBuildConfiguration;
			buildSettings = {
				ALWAYS_EMBED_SWIFT_STANDARD_LIBRARIES = YES;
				CODE_SIGN_STYLE = Automatic;
				CURRENT_PROJECT_VERSION = 1;
				DEVELOPMENT_TEAM = H4J5G7D5JQ;
				GENERATE_INFOPLIST_FILE = YES;
				MARKETING_VERSION = 1.0;
				PRODUCT_BUNDLE_IDENTIFIER = com.miroslav.perovic.CoreDataTutorialUITests;
				PRODUCT_NAME = "$(TARGET_NAME)";
				SWIFT_EMIT_LOC_STRINGS = NO;
				SWIFT_VERSION = 5.0;
				TARGETED_DEVICE_FAMILY = "1,2";
				TEST_TARGET_NAME = CoreDataTutorial;
			};
			name = Release;
		};
/* End XCBuildConfiguration section */

/* Begin XCConfigurationList section */
		DCCB72E62A0B9CF90063A911 /* Build configuration list for PBXProject "CoreDataTutorial" */ = {
			isa = XCConfigurationList;
			buildConfigurations = (
				DCCB73122A0B9CFA0063A911 /* Debug */,
				DCCB73132A0B9CFA0063A911 /* Release */,
			);
			defaultConfigurationIsVisible = 0;
			defaultConfigurationName = Release;
		};
		DCCB73142A0B9CFA0063A911 /* Build configuration list for PBXNativeTarget "CoreDataTutorial" */ = {
			isa = XCConfigurationList;
			buildConfigurations = (
				DCCB73152A0B9CFA0063A911 /* Debug */,
				DCCB73162A0B9CFA0063A911 /* Release */,
			);
			defaultConfigurationIsVisible = 0;
			defaultConfigurationName = Release;
		};
		DCCB73172A0B9CFA0063A911 /* Build configuration list for PBXNativeTarget "CoreDataTutorialTests" */ = {
			isa = XCConfigurationList;
			buildConfigurations = (
				DCCB73182A0B9CFA0063A911 /* Debug */,
				DCCB73192A0B9CFA0063A911 /* Release */,
			);
			defaultConfigurationIsVisible = 0;
			defaultConfigurationName = Release;
		};
		DCCB731A2A0B9CFA0063A911 /* Build configuration list for PBXNativeTarget "CoreDataTutorialUITests" */ = {
			isa = XCConfigurationList;
			buildConfigurations = (
				DCCB731B2A0B9CFA0063A911 /* Debug */,
				DCCB731C2A0B9CFA0063A911 /* Release */,
			);
			defaultConfigurationIsVisible = 0;
			defaultConfigurationName = Release;
		};
/* End XCConfigurationList section */

/* Begin XCVersionGroup section */
		DCCB72F92A0B9CFA0063A911 /* CoreDataTutorial.xcdatamodeld */ = {
			isa = XCVersionGroup;
			children = (
				DCCB72FA2A0B9CFA0063A911 /* CoreDataTutorial.xcdatamodel */,
			);
			currentVersion = DCCB72FA2A0B9CFA0063A911 /* CoreDataTutorial.xcdatamodel */;
			path = CoreDataTutorial.xcdatamodeld;
			sourceTree = "<group>";
			versionGroupType = wrapper.xcdatamodel;
		};
/* End XCVersionGroup section */
	};
	rootObject = DCCB72E32A0B9CF90063A911 /* Project object */;
}
